// !$*UTF8*$!
{
	archiveVersion = 1;
	classes = {
	};
	objectVersion = 46;
	objects = {

/* Begin PBXBuildFile section */
		0650D6F0D93D877048480A0C /* Pods_Weatherly.framework in Frameworks */ = {isa = PBXBuildFile; fileRef = 09C3435461080EAB3B2343C5 /* Pods_Weatherly.framework */; };
		DE4894561E0B488A002F8CC4 /* BPLocationDay.swift in Sources */ = {isa = PBXBuildFile; fileRef = DE4894551E0B488A002F8CC4 /* BPLocationDay.swift */; };
		DE4894581E0B48C6002F8CC4 /* BPLocationDaily.swift in Sources */ = {isa = PBXBuildFile; fileRef = DE4894571E0B48C6002F8CC4 /* BPLocationDaily.swift */; };
		DE4D940B1DDE300200B5050A /* AppDelegate.swift in Sources */ = {isa = PBXBuildFile; fileRef = DE4D940A1DDE300200B5050A /* AppDelegate.swift */; };
		DE4D94131DDE300200B5050A /* Weatherly.xcdatamodeld in Sources */ = {isa = PBXBuildFile; fileRef = DE4D94111DDE300200B5050A /* Weatherly.xcdatamodeld */; };
		DE4D94151DDE300200B5050A /* Assets.xcassets in Resources */ = {isa = PBXBuildFile; fileRef = DE4D94141DDE300200B5050A /* Assets.xcassets */; };
		DE4D94181DDE300200B5050A /* LaunchScreen.storyboard in Resources */ = {isa = PBXBuildFile; fileRef = DE4D94161DDE300200B5050A /* LaunchScreen.storyboard */; };
		DE4D94231DDE31BC00B5050A /* BPWeatherClient.swift in Sources */ = {isa = PBXBuildFile; fileRef = DE4D94221DDE31BC00B5050A /* BPWeatherClient.swift */; };
		DE4D94261DDE329900B5050A /* BPConstants.swift in Sources */ = {isa = PBXBuildFile; fileRef = DE4D94251DDE329900B5050A /* BPConstants.swift */; };
		DE4D94291DDE348700B5050A /* NSDate+Utilities.swift in Sources */ = {isa = PBXBuildFile; fileRef = DE4D94281DDE348700B5050A /* NSDate+Utilities.swift */; };
		DE4D942C1DDE35EB00B5050A /* BPForecast.swift in Sources */ = {isa = PBXBuildFile; fileRef = DE4D942B1DDE35EB00B5050A /* BPForecast.swift */; };
		DE4D942E1DDE360000B5050A /* BPLocationCurrent.swift in Sources */ = {isa = PBXBuildFile; fileRef = DE4D942D1DDE360000B5050A /* BPLocationCurrent.swift */; };
		DE4D94301DDE360B00B5050A /* BPLocationHourly.swift in Sources */ = {isa = PBXBuildFile; fileRef = DE4D942F1DDE360B00B5050A /* BPLocationHourly.swift */; };
		DE4D94341DDE364700B5050A /* BPLocationHour.swift in Sources */ = {isa = PBXBuildFile; fileRef = DE4D94331DDE364700B5050A /* BPLocationHour.swift */; };
		DE4D94361DDE3C6400B5050A /* Storyboard.storyboard in Resources */ = {isa = PBXBuildFile; fileRef = DE4D94351DDE3C6400B5050A /* Storyboard.storyboard */; };
		DE5B0FAC1E7B0B7600676F1D /* BPLocationCurrentCell.swift in Sources */ = {isa = PBXBuildFile; fileRef = DE5B0FAA1E7B0B7600676F1D /* BPLocationCurrentCell.swift */; };
		DE5B0FAD1E7B0B7600676F1D /* BPLocationCurrentCell.xib in Resources */ = {isa = PBXBuildFile; fileRef = DE5B0FAB1E7B0B7600676F1D /* BPLocationCurrentCell.xib */; };
		DEF96A6D1E15D0CC000D93FB /* ForecastViewController.swift in Sources */ = {isa = PBXBuildFile; fileRef = DEF96A6B1E15D0CB000D93FB /* ForecastViewController.swift */; };
		DEF96A6E1E15D0CC000D93FB /* ForecastViewController.xib in Resources */ = {isa = PBXBuildFile; fileRef = DEF96A6C1E15D0CB000D93FB /* ForecastViewController.xib */; };
		DEF96A741E15DA4F000D93FB /* Datastore.swift in Sources */ = {isa = PBXBuildFile; fileRef = DEF96A731E15DA4F000D93FB /* Datastore.swift */; };
/* End PBXBuildFile section */

/* Begin PBXFileReference section */
		09C3435461080EAB3B2343C5 /* Pods_Weatherly.framework */ = {isa = PBXFileReference; explicitFileType = wrapper.framework; includeInIndex = 0; path = Pods_Weatherly.framework; sourceTree = BUILT_PRODUCTS_DIR; };
		507AFC78A7C960AEEAA325A2 /* Pods-Weatherly.debug.xcconfig */ = {isa = PBXFileReference; includeInIndex = 1; lastKnownFileType = text.xcconfig; name = "Pods-Weatherly.debug.xcconfig"; path = "Pods/Target Support Files/Pods-Weatherly/Pods-Weatherly.debug.xcconfig"; sourceTree = "<group>"; };
		5A23A85433AC65B988ECF0B8 /* Pods-Weatherly.release.xcconfig */ = {isa = PBXFileReference; includeInIndex = 1; lastKnownFileType = text.xcconfig; name = "Pods-Weatherly.release.xcconfig"; path = "Pods/Target Support Files/Pods-Weatherly/Pods-Weatherly.release.xcconfig"; sourceTree = "<group>"; };
		DE4894551E0B488A002F8CC4 /* BPLocationDay.swift */ = {isa = PBXFileReference; fileEncoding = 4; lastKnownFileType = sourcecode.swift; path = BPLocationDay.swift; sourceTree = "<group>"; };
		DE4894571E0B48C6002F8CC4 /* BPLocationDaily.swift */ = {isa = PBXFileReference; fileEncoding = 4; lastKnownFileType = sourcecode.swift; path = BPLocationDaily.swift; sourceTree = "<group>"; };
		DE4D94071DDE300200B5050A /* Weatherly.app */ = {isa = PBXFileReference; explicitFileType = wrapper.application; includeInIndex = 0; path = Weatherly.app; sourceTree = BUILT_PRODUCTS_DIR; };
		DE4D940A1DDE300200B5050A /* AppDelegate.swift */ = {isa = PBXFileReference; lastKnownFileType = sourcecode.swift; path = AppDelegate.swift; sourceTree = "<group>"; };
		DE4D94121DDE300200B5050A /* Weatherly.xcdatamodel */ = {isa = PBXFileReference; lastKnownFileType = wrapper.xcdatamodel; path = Weatherly.xcdatamodel; sourceTree = "<group>"; };
		DE4D94141DDE300200B5050A /* Assets.xcassets */ = {isa = PBXFileReference; lastKnownFileType = folder.assetcatalog; path = Assets.xcassets; sourceTree = "<group>"; };
		DE4D94171DDE300200B5050A /* Base */ = {isa = PBXFileReference; lastKnownFileType = file.storyboard; name = Base; path = Base.lproj/LaunchScreen.storyboard; sourceTree = "<group>"; };
		DE4D94191DDE300200B5050A /* Info.plist */ = {isa = PBXFileReference; lastKnownFileType = text.plist.xml; path = Info.plist; sourceTree = "<group>"; };
		DE4D94221DDE31BC00B5050A /* BPWeatherClient.swift */ = {isa = PBXFileReference; fileEncoding = 4; lastKnownFileType = sourcecode.swift; path = BPWeatherClient.swift; sourceTree = "<group>"; };
		DE4D94251DDE329900B5050A /* BPConstants.swift */ = {isa = PBXFileReference; fileEncoding = 4; lastKnownFileType = sourcecode.swift; path = BPConstants.swift; sourceTree = "<group>"; };
		DE4D94281DDE348700B5050A /* NSDate+Utilities.swift */ = {isa = PBXFileReference; fileEncoding = 4; lastKnownFileType = sourcecode.swift; path = "NSDate+Utilities.swift"; sourceTree = "<group>"; };
		DE4D942B1DDE35EB00B5050A /* BPForecast.swift */ = {isa = PBXFileReference; fileEncoding = 4; lastKnownFileType = sourcecode.swift; path = BPForecast.swift; sourceTree = "<group>"; };
		DE4D942D1DDE360000B5050A /* BPLocationCurrent.swift */ = {isa = PBXFileReference; fileEncoding = 4; lastKnownFileType = sourcecode.swift; path = BPLocationCurrent.swift; sourceTree = "<group>"; };
		DE4D942F1DDE360B00B5050A /* BPLocationHourly.swift */ = {isa = PBXFileReference; fileEncoding = 4; lastKnownFileType = sourcecode.swift; path = BPLocationHourly.swift; sourceTree = "<group>"; };
		DE4D94331DDE364700B5050A /* BPLocationHour.swift */ = {isa = PBXFileReference; fileEncoding = 4; lastKnownFileType = sourcecode.swift; path = BPLocationHour.swift; sourceTree = "<group>"; };
		DE4D94351DDE3C6400B5050A /* Storyboard.storyboard */ = {isa = PBXFileReference; fileEncoding = 4; lastKnownFileType = file.storyboard; path = Storyboard.storyboard; sourceTree = "<group>"; };
		DE5B0FAA1E7B0B7600676F1D /* BPLocationCurrentCell.swift */ = {isa = PBXFileReference; fileEncoding = 4; lastKnownFileType = sourcecode.swift; path = BPLocationCurrentCell.swift; sourceTree = "<group>"; };
		DE5B0FAB1E7B0B7600676F1D /* BPLocationCurrentCell.xib */ = {isa = PBXFileReference; fileEncoding = 4; lastKnownFileType = file.xib; path = BPLocationCurrentCell.xib; sourceTree = "<group>"; };
		DEF96A6B1E15D0CB000D93FB /* ForecastViewController.swift */ = {isa = PBXFileReference; fileEncoding = 4; lastKnownFileType = sourcecode.swift; path = ForecastViewController.swift; sourceTree = "<group>"; };
		DEF96A6C1E15D0CB000D93FB /* ForecastViewController.xib */ = {isa = PBXFileReference; fileEncoding = 4; lastKnownFileType = file.xib; path = ForecastViewController.xib; sourceTree = "<group>"; };
		DEF96A731E15DA4F000D93FB /* Datastore.swift */ = {isa = PBXFileReference; fileEncoding = 4; lastKnownFileType = sourcecode.swift; path = Datastore.swift; sourceTree = "<group>"; };
/* End PBXFileReference section */

/* Begin PBXFrameworksBuildPhase section */
		DE4D94041DDE300200B5050A /* Frameworks */ = {
			isa = PBXFrameworksBuildPhase;
			buildActionMask = 2147483647;
			files = (
				0650D6F0D93D877048480A0C /* Pods_Weatherly.framework in Frameworks */,
			);
			runOnlyForDeploymentPostprocessing = 0;
		};
/* End PBXFrameworksBuildPhase section */

/* Begin PBXGroup section */
		44B3D41CA72A1E7364977A0C /* Frameworks */ = {
			isa = PBXGroup;
			children = (
				09C3435461080EAB3B2343C5 /* Pods_Weatherly.framework */,
			);
			name = Frameworks;
			sourceTree = "<group>";
		};
		B396B69869ABEB8ADDCB0869 /* Pods */ = {
			isa = PBXGroup;
			children = (
				507AFC78A7C960AEEAA325A2 /* Pods-Weatherly.debug.xcconfig */,
				5A23A85433AC65B988ECF0B8 /* Pods-Weatherly.release.xcconfig */,
			);
			name = Pods;
			sourceTree = "<group>";
		};
		DE4D93FE1DDE300200B5050A = {
			isa = PBXGroup;
			children = (
				DE4D94091DDE300200B5050A /* Weatherly */,
				DE4D94081DDE300200B5050A /* Products */,
				B396B69869ABEB8ADDCB0869 /* Pods */,
				44B3D41CA72A1E7364977A0C /* Frameworks */,
			);
			sourceTree = "<group>";
		};
		DE4D94081DDE300200B5050A /* Products */ = {
			isa = PBXGroup;
			children = (
				DE4D94071DDE300200B5050A /* Weatherly.app */,
			);
			name = Products;
			sourceTree = "<group>";
		};
		DE4D94091DDE300200B5050A /* Weatherly */ = {
			isa = PBXGroup;
			children = (
				DE4D94241DDE328400B5050A /* Constants */,
				DE4D941F1DDE301A00B5050A /* Launch */,
				DE4D94211DDE318400B5050A /* Network */,
				DE5B0FA91E7B0B1000676F1D /* Forecast */,
				DE4D942A1DDE349400B5050A /* Models */,
				DE4D94271DDE345A00B5050A /* Extensions */,
				DE4D94201DDE302800B5050A /* Files */,
				DE4D94351DDE3C6400B5050A /* Storyboard.storyboard */,
				DEF96A731E15DA4F000D93FB /* Datastore.swift */,
			);
			path = Weatherly;
			sourceTree = "<group>";
		};
		DE4D941F1DDE301A00B5050A /* Launch */ = {
			isa = PBXGroup;
			children = (
				DE4D940A1DDE300200B5050A /* AppDelegate.swift */,
				DE4D94161DDE300200B5050A /* LaunchScreen.storyboard */,
			);
			name = Launch;
			sourceTree = "<group>";
		};
		DE4D94201DDE302800B5050A /* Files */ = {
			isa = PBXGroup;
			children = (
				DE4D94141DDE300200B5050A /* Assets.xcassets */,
				DE4D94191DDE300200B5050A /* Info.plist */,
				DE4D94111DDE300200B5050A /* Weatherly.xcdatamodeld */,
			);
			name = Files;
			sourceTree = "<group>";
		};
		DE4D94211DDE318400B5050A /* Network */ = {
			isa = PBXGroup;
			children = (
				DE4D94221DDE31BC00B5050A /* BPWeatherClient.swift */,
			);
			name = Network;
			sourceTree = "<group>";
		};
		DE4D94241DDE328400B5050A /* Constants */ = {
			isa = PBXGroup;
			children = (
				DE4D94251DDE329900B5050A /* BPConstants.swift */,
			);
			name = Constants;
			sourceTree = "<group>";
		};
		DE4D94271DDE345A00B5050A /* Extensions */ = {
			isa = PBXGroup;
			children = (
				DE4D94281DDE348700B5050A /* NSDate+Utilities.swift */,
			);
			name = Extensions;
			sourceTree = "<group>";
		};
		DE4D942A1DDE349400B5050A /* Models */ = {
			isa = PBXGroup;
			children = (
				DE4D942B1DDE35EB00B5050A /* BPForecast.swift */,
				DE4D942D1DDE360000B5050A /* BPLocationCurrent.swift */,
				DE4D942F1DDE360B00B5050A /* BPLocationHourly.swift */,
				DE4D94331DDE364700B5050A /* BPLocationHour.swift */,
				DE4894571E0B48C6002F8CC4 /* BPLocationDaily.swift */,
				DE4894551E0B488A002F8CC4 /* BPLocationDay.swift */,
			);
			name = Models;
			sourceTree = "<group>";
		};
		DE5B0FA91E7B0B1000676F1D /* Forecast */ = {
			isa = PBXGroup;
			children = (
				DEF96A6B1E15D0CB000D93FB /* ForecastViewController.swift */,
				DEF96A6C1E15D0CB000D93FB /* ForecastViewController.xib */,
				DE5B0FAA1E7B0B7600676F1D /* BPLocationCurrentCell.swift */,
				DE5B0FAB1E7B0B7600676F1D /* BPLocationCurrentCell.xib */,
			);
			name = Forecast;
			sourceTree = "<group>";
		};
/* End PBXGroup section */

/* Begin PBXNativeTarget section */
		DE4D94061DDE300200B5050A /* Weatherly */ = {
			isa = PBXNativeTarget;
			buildConfigurationList = DE4D941C1DDE300200B5050A /* Build configuration list for PBXNativeTarget "Weatherly" */;
			buildPhases = (
				9648B6BBFABE2CD21549A504 /* [CP] Check Pods Manifest.lock */,
				DE4D94031DDE300200B5050A /* Sources */,
				DE4D94041DDE300200B5050A /* Frameworks */,
				DE4D94051DDE300200B5050A /* Resources */,
				1DA0E697F456A61FFBD3CA3E /* [CP] Embed Pods Frameworks */,
				177E7E62E16C1390B52A301F /* [CP] Copy Pods Resources */,
			);
			buildRules = (
			);
			dependencies = (
			);
			name = Weatherly;
			productName = Weatherly;
			productReference = DE4D94071DDE300200B5050A /* Weatherly.app */;
			productType = "com.apple.product-type.application";
		};
/* End PBXNativeTarget section */

/* Begin PBXProject section */
		DE4D93FF1DDE300200B5050A /* Project object */ = {
			isa = PBXProject;
			attributes = {
				LastSwiftUpdateCheck = 0730;
				LastUpgradeCheck = 0820;
				ORGANIZATIONNAME = "Bettina Prophete";
				TargetAttributes = {
					DE4D94061DDE300200B5050A = {
						CreatedOnToolsVersion = 7.3.1;
						LastSwiftMigration = 0820;
					};
				};
			};
			buildConfigurationList = DE4D94021DDE300200B5050A /* Build configuration list for PBXProject "Weatherly" */;
			compatibilityVersion = "Xcode 3.2";
			developmentRegion = English;
			hasScannedForEncodings = 0;
			knownRegions = (
				en,
				Base,
			);
			mainGroup = DE4D93FE1DDE300200B5050A;
			productRefGroup = DE4D94081DDE300200B5050A /* Products */;
			projectDirPath = "";
			projectRoot = "";
			targets = (
				DE4D94061DDE300200B5050A /* Weatherly */,
			);
		};
/* End PBXProject section */

/* Begin PBXResourcesBuildPhase section */
		DE4D94051DDE300200B5050A /* Resources */ = {
			isa = PBXResourcesBuildPhase;
			buildActionMask = 2147483647;
			files = (
				DE4D94181DDE300200B5050A /* LaunchScreen.storyboard in Resources */,
				DEF96A6E1E15D0CC000D93FB /* ForecastViewController.xib in Resources */,
				DE5B0FAD1E7B0B7600676F1D /* BPLocationCurrentCell.xib in Resources */,
				DE4D94151DDE300200B5050A /* Assets.xcassets in Resources */,
				DE4D94361DDE3C6400B5050A /* Storyboard.storyboard in Resources */,
			);
			runOnlyForDeploymentPostprocessing = 0;
		};
/* End PBXResourcesBuildPhase section */

/* Begin PBXShellScriptBuildPhase section */
		177E7E62E16C1390B52A301F /* [CP] Copy Pods Resources */ = {
			isa = PBXShellScriptBuildPhase;
			buildActionMask = 2147483647;
			files = (
			);
			inputPaths = (
			);
			name = "[CP] Copy Pods Resources";
			outputPaths = (
			);
			runOnlyForDeploymentPostprocessing = 0;
			shellPath = /bin/sh;
			shellScript = "\"${SRCROOT}/Pods/Target Support Files/Pods-Weatherly/Pods-Weatherly-resources.sh\"\n";
			showEnvVarsInLog = 0;
		};
		1DA0E697F456A61FFBD3CA3E /* [CP] Embed Pods Frameworks */ = {
			isa = PBXShellScriptBuildPhase;
			buildActionMask = 2147483647;
			files = (
			);
			inputPaths = (
			);
			name = "[CP] Embed Pods Frameworks";
			outputPaths = (
			);
			runOnlyForDeploymentPostprocessing = 0;
			shellPath = /bin/sh;
			shellScript = "\"${SRCROOT}/Pods/Target Support Files/Pods-Weatherly/Pods-Weatherly-frameworks.sh\"\n";
			showEnvVarsInLog = 0;
		};
		9648B6BBFABE2CD21549A504 /* [CP] Check Pods Manifest.lock */ = {
			isa = PBXShellScriptBuildPhase;
			buildActionMask = 2147483647;
			files = (
			);
			inputPaths = (
			);
			name = "[CP] Check Pods Manifest.lock";
			outputPaths = (
			);
			runOnlyForDeploymentPostprocessing = 0;
			shellPath = /bin/sh;
			shellScript = "diff \"${PODS_ROOT}/../Podfile.lock\" \"${PODS_ROOT}/Manifest.lock\" > /dev/null\nif [[ $? != 0 ]] ; then\n    cat << EOM\nerror: The sandbox is not in sync with the Podfile.lock. Run 'pod install' or update your CocoaPods installation.\nEOM\n    exit 1\nfi\n";
			showEnvVarsInLog = 0;
		};
/* End PBXShellScriptBuildPhase section */

/* Begin PBXSourcesBuildPhase section */
		DE4D94031DDE300200B5050A /* Sources */ = {
			isa = PBXSourcesBuildPhase;
			buildActionMask = 2147483647;
			files = (
				DE4D94131DDE300200B5050A /* Weatherly.xcdatamodeld in Sources */,
				DE4D94291DDE348700B5050A /* NSDate+Utilities.swift in Sources */,
				DE5B0FAC1E7B0B7600676F1D /* BPLocationCurrentCell.swift in Sources */,
				DE4894561E0B488A002F8CC4 /* BPLocationDay.swift in Sources */,
				DE4D940B1DDE300200B5050A /* AppDelegate.swift in Sources */,
				DE4D942E1DDE360000B5050A /* BPLocationCurrent.swift in Sources */,
				DE4D94231DDE31BC00B5050A /* BPWeatherClient.swift in Sources */,
				DEF96A741E15DA4F000D93FB /* Datastore.swift in Sources */,
				DE4D94341DDE364700B5050A /* BPLocationHour.swift in Sources */,
				DE4D942C1DDE35EB00B5050A /* BPForecast.swift in Sources */,
				DE4D94261DDE329900B5050A /* BPConstants.swift in Sources */,
				DE4894581E0B48C6002F8CC4 /* BPLocationDaily.swift in Sources */,
				DEF96A6D1E15D0CC000D93FB /* ForecastViewController.swift in Sources */,
				DE4D94301DDE360B00B5050A /* BPLocationHourly.swift in Sources */,
			);
			runOnlyForDeploymentPostprocessing = 0;
		};
/* End PBXSourcesBuildPhase section */

/* Begin PBXVariantGroup section */
		DE4D94161DDE300200B5050A /* LaunchScreen.storyboard */ = {
			isa = PBXVariantGroup;
			children = (
				DE4D94171DDE300200B5050A /* Base */,
			);
			name = LaunchScreen.storyboard;
			sourceTree = "<group>";
		};
/* End PBXVariantGroup section */

/* Begin XCBuildConfiguration section */
		DE4D941A1DDE300200B5050A /* Debug */ = {
			isa = XCBuildConfiguration;
			buildSettings = {
				ALWAYS_SEARCH_USER_PATHS = NO;
				CLANG_ANALYZER_NONNULL = YES;
				CLANG_CXX_LANGUAGE_STANDARD = "gnu++0x";
				CLANG_CXX_LIBRARY = "libc++";
				CLANG_ENABLE_MODULES = YES;
				CLANG_ENABLE_OBJC_ARC = YES;
				CLANG_WARN_BOOL_CONVERSION = YES;
				CLANG_WARN_CONSTANT_CONVERSION = YES;
				CLANG_WARN_DIRECT_OBJC_ISA_USAGE = YES_ERROR;
				CLANG_WARN_EMPTY_BODY = YES;
				CLANG_WARN_ENUM_CONVERSION = YES;
				CLANG_WARN_INFINITE_RECURSION = YES;
				CLANG_WARN_INT_CONVERSION = YES;
				CLANG_WARN_OBJC_ROOT_CLASS = YES_ERROR;
				CLANG_WARN_SUSPICIOUS_MOVE = YES;
				CLANG_WARN_UNREACHABLE_CODE = YES;
				CLANG_WARN__DUPLICATE_METHOD_MATCH = YES;
				"CODE_SIGN_IDENTITY[sdk=iphoneos*]" = "iPhone Developer";
				COPY_PHASE_STRIP = NO;
				DEBUG_INFORMATION_FORMAT = dwarf;
				ENABLE_STRICT_OBJC_MSGSEND = YES;
				ENABLE_TESTABILITY = YES;
				GCC_C_LANGUAGE_STANDARD = gnu99;
				GCC_DYNAMIC_NO_PIC = NO;
				GCC_NO_COMMON_BLOCKS = YES;
				GCC_OPTIMIZATION_LEVEL = 0;
				GCC_PREPROCESSOR_DEFINITIONS = (
					"DEBUG=1",
					"$(inherited)",
				);
				GCC_WARN_64_TO_32_BIT_CONVERSION = YES;
				GCC_WARN_ABOUT_RETURN_TYPE = YES_ERROR;
				GCC_WARN_UNDECLARED_SELECTOR = YES;
				GCC_WARN_UNINITIALIZED_AUTOS = YES_AGGRESSIVE;
				GCC_WARN_UNUSED_FUNCTION = YES;
				GCC_WARN_UNUSED_VARIABLE = YES;
				IPHONEOS_DEPLOYMENT_TARGET = 9.3;
				MTL_ENABLE_DEBUG_INFO = YES;
				ONLY_ACTIVE_ARCH = YES;
				SDKROOT = iphoneos;
				SWIFT_OPTIMIZATION_LEVEL = "-Onone";
				SWIFT_VERSION = 3.0;
				TARGETED_DEVICE_FAMILY = "1,2";
			};
			name = Debug;
		};
		DE4D941B1DDE300200B5050A /* Release */ = {
			isa = XCBuildConfiguration;
			buildSettings = {
				ALWAYS_SEARCH_USER_PATHS = NO;
				CLANG_ANALYZER_NONNULL = YES;
				CLANG_CXX_LANGUAGE_STANDARD = "gnu++0x";
				CLANG_CXX_LIBRARY = "libc++";
				CLANG_ENABLE_MODULES = YES;
				CLANG_ENABLE_OBJC_ARC = YES;
				CLANG_WARN_BOOL_CONVERSION = YES;
				CLANG_WARN_CONSTANT_CONVERSION = YES;
				CLANG_WARN_DIRECT_OBJC_ISA_USAGE = YES_ERROR;
				CLANG_WARN_EMPTY_BODY = YES;
				CLANG_WARN_ENUM_CONVERSION = YES;
				CLANG_WARN_INFINITE_RECURSION = YES;
				CLANG_WARN_INT_CONVERSION = YES;
				CLANG_WARN_OBJC_ROOT_CLASS = YES_ERROR;
				CLANG_WARN_SUSPICIOUS_MOVE = YES;
				CLANG_WARN_UNREACHABLE_CODE = YES;
				CLANG_WARN__DUPLICATE_METHOD_MATCH = YES;
				"CODE_SIGN_IDENTITY[sdk=iphoneos*]" = "iPhone Developer";
				COPY_PHASE_STRIP = NO;
				DEBUG_INFORMATION_FORMAT = "dwarf-with-dsym";
				ENABLE_NS_ASSERTIONS = NO;
				ENABLE_STRICT_OBJC_MSGSEND = YES;
				GCC_C_LANGUAGE_STANDARD = gnu99;
				GCC_NO_COMMON_BLOCKS = YES;
				GCC_WARN_64_TO_32_BIT_CONVERSION = YES;
				GCC_WARN_ABOUT_RETURN_TYPE = YES_ERROR;
				GCC_WARN_UNDECLARED_SELECTOR = YES;
				GCC_WARN_UNINITIALIZED_AUTOS = YES_AGGRESSIVE;
				GCC_WARN_UNUSED_FUNCTION = YES;
				GCC_WARN_UNUSED_VARIABLE = YES;
				IPHONEOS_DEPLOYMENT_TARGET = 9.3;
				MTL_ENABLE_DEBUG_INFO = NO;
				SDKROOT = iphoneos;
				SWIFT_OPTIMIZATION_LEVEL = "-Owholemodule";
				SWIFT_VERSION = 3.0;
				TARGETED_DEVICE_FAMILY = "1,2";
				VALIDATE_PRODUCT = YES;
			};
			name = Release;
		};
		DE4D941D1DDE300200B5050A /* Debug */ = {
			isa = XCBuildConfiguration;
			baseConfigurationReference = 507AFC78A7C960AEEAA325A2 /* Pods-Weatherly.debug.xcconfig */;
			buildSettings = {
				ALWAYS_EMBED_SWIFT_STANDARD_LIBRARIES = YES;
				ASSETCATALOG_COMPILER_APPICON_NAME = AppIcon;
				INFOPLIST_FILE = Weatherly/Info.plist;
				LD_RUNPATH_SEARCH_PATHS = "$(inherited) @executable_path/Frameworks";
				PRODUCT_BUNDLE_IDENTIFIER = BP.Weatherly;
				PRODUCT_NAME = "$(TARGET_NAME)";
				SWIFT_VERSION = 3.0;
			};
			name = Debug;
		};
		DE4D941E1DDE300200B5050A /* Release */ = {
			isa = XCBuildConfiguration;
			baseConfigurationReference = 5A23A85433AC65B988ECF0B8 /* Pods-Weatherly.release.xcconfig */;
			buildSettings = {
				ALWAYS_EMBED_SWIFT_STANDARD_LIBRARIES = YES;
				ASSETCATALOG_COMPILER_APPICON_NAME = AppIcon;
				INFOPLIST_FILE = Weatherly/Info.plist;
				LD_RUNPATH_SEARCH_PATHS = "$(inherited) @executable_path/Frameworks";
				PRODUCT_BUNDLE_IDENTIFIER = BP.Weatherly;
				PRODUCT_NAME = "$(TARGET_NAME)";
				SWIFT_VERSION = 3.0;
			};
			name = Release;
		};
/* End XCBuildConfiguration section */

/* Begin XCConfigurationList section */
		DE4D94021DDE300200B5050A /* Build configuration list for PBXProject "Weatherly" */ = {
			isa = XCConfigurationList;
			buildConfigurations = (
				DE4D941A1DDE300200B5050A /* Debug */,
				DE4D941B1DDE300200B5050A /* Release */,
			);
			defaultConfigurationIsVisible = 0;
			defaultConfigurationName = Release;
		};
		DE4D941C1DDE300200B5050A /* Build configuration list for PBXNativeTarget "Weatherly" */ = {
			isa = XCConfigurationList;
			buildConfigurations = (
				DE4D941D1DDE300200B5050A /* Debug */,
				DE4D941E1DDE300200B5050A /* Release */,
			);
			defaultConfigurationIsVisible = 0;
			defaultConfigurationName = Release;
		};
/* End XCConfigurationList section */

/* Begin XCVersionGroup section */
		DE4D94111DDE300200B5050A /* Weatherly.xcdatamodeld */ = {
			isa = XCVersionGroup;
			children = (
				DE4D94121DDE300200B5050A /* Weatherly.xcdatamodel */,
			);
			currentVersion = DE4D94121DDE300200B5050A /* Weatherly.xcdatamodel */;
			path = Weatherly.xcdatamodeld;
			sourceTree = "<group>";
			versionGroupType = wrapper.xcdatamodel;
		};
/* End XCVersionGroup section */
	};
	rootObject = DE4D93FF1DDE300200B5050A /* Project object */;
}
